{
  "nodes": {
    "alacritty-sixel": {
      "flake": false,
      "locked": {
        "lastModified": 1666301736,
        "narHash": "sha256-hfGwOBDAlBcx+PoitMWihy3TA1PI1g5kdjIPpYwLY/w=",
        "owner": "ayosec",
        "repo": "alacritty",
        "rev": "48a388ad91d268ed97355df629a22e2d476aee2a",
        "type": "github"
      },
      "original": {
        "owner": "ayosec",
        "repo": "alacritty",
        "type": "github"
      }
    },
    "dhist": {
      "inputs": {
        "fenix": "fenix",
        "flake-utils": "flake-utils",
        "nixpkgs": "nixpkgs"
      },
      "locked": {
        "lastModified": 1659395338,
        "narHash": "sha256-gIWFyqnkX7gnfOxUaJjZ+fMjlMtE6GfZsfxop8sDYpk=",
        "owner": "lelgenio",
        "repo": "dhist",
        "rev": "11b2d9671adb775f373d4b3ec5f27fdf7ea957c6",
        "type": "github"
      },
      "original": {
        "owner": "lelgenio",
        "repo": "dhist",
        "type": "github"
      }
    },
    "fenix": {
      "inputs": {
        "nixpkgs": [
          "dhist",
          "nixpkgs"
        ],
        "rust-analyzer-src": "rust-analyzer-src"
      },
      "locked": {
        "lastModified": 1659336065,
        "narHash": "sha256-vjHzA2MRrw6seWzBGUA2dciObvf1Be4lA3SsAI5aufA=",
        "owner": "nix-community",
        "repo": "fenix",
        "rev": "75a63f0868d8362aaa0ae2f9d5e77a65780fdd58",
        "type": "github"
      },
      "original": {
        "owner": "nix-community",
        "repo": "fenix",
        "type": "github"
      }
    },
    "flake-utils": {
      "locked": {
        "lastModified": 1656928814,
        "narHash": "sha256-RIFfgBuKz6Hp89yRr7+NR5tzIAbn52h8vT6vXkYjZoM=",
        "owner": "numtide",
        "repo": "flake-utils",
        "rev": "7e2a3b3dfd9af950a856d66b0a7d01e3c18aa249",
        "type": "github"
      },
      "original": {
        "owner": "numtide",
        "repo": "flake-utils",
        "type": "github"
      }
    },
    "home-manager": {
      "inputs": {
        "nixpkgs": [
          "nixpkgs"
        ]
      },
      "locked": {
        "lastModified": 1667907331,
        "narHash": "sha256-bHkAwkYlBjkupPUFcQjimNS8gxWSWjOTevEuwdnp5m0=",
        "owner": "nix-community",
        "repo": "home-manager",
        "rev": "6639e3a837fc5deb6f99554072789724997bc8e5",
        "type": "github"
      },
      "original": {
        "owner": "nix-community",
        "ref": "release-22.05",
        "repo": "home-manager",
        "type": "github"
      }
    },
    "hyprland": {
      "inputs": {
        "nixpkgs": [
          "nixpkgs-unstable"
        ],
        "wlroots": "wlroots"
      },
      "locked": {
        "lastModified": 1668117106,
        "narHash": "sha256-tVr06QbWpAQnSrlW/rpgjXJMiI0A0yjBNumadyz3WQ0=",
        "owner": "hyprwm",
        "repo": "Hyprland",
        "rev": "a5ffd44cafd84f6f324e27c1925573e6cabcc858",
        "type": "github"
      },
      "original": {
        "owner": "hyprwm",
        "repo": "Hyprland",
        "type": "github"
      }
    },
    "material-wifi-icons": {
      "flake": false,
      "locked": {
        "lastModified": 1537083724,
        "narHash": "sha256-neh+keoYyKum2K1lutE4HKVscA+TeWccikB85osbX/8=",
        "owner": "dcousens",
        "repo": "material-wifi-icons",
        "rev": "d56927c95ca17aa3e0dda15b23840ba3ad3f44cb",
        "type": "github"
      },
      "original": {
        "owner": "dcousens",
        "repo": "material-wifi-icons",
        "type": "github"
      }
    },
    "nixpkgs": {
      "locked": {
        "lastModified": 1659219666,
        "narHash": "sha256-pzYr5fokQPHv7CmUXioOhhzDy/XyWOIXP4LZvv/T7Mk=",
        "owner": "NixOS",
        "repo": "nixpkgs",
        "rev": "7b9be38c7250b22d829ab6effdee90d5e40c6e5c",
        "type": "github"
      },
      "original": {
        "id": "nixpkgs",
        "ref": "nixos-unstable",
        "type": "indirect"
      }
    },
    "nixpkgs-unstable": {
      "locked": {
        "lastModified": 1667991831,
        "narHash": "sha256-DHgEsLZI044B9T4AjA3K6+yB9/DqLr4dyA7OIx0FG7o=",
        "owner": "NixOS",
        "repo": "nixpkgs",
        "rev": "872fceeed60ae6b7766cc0a4cd5bf5901b9098ec",
        "type": "github"
      },
      "original": {
        "id": "nixpkgs",
        "ref": "nixos-unstable",
        "type": "indirect"
      }
    },
    "nixpkgs_2": {
      "locked": {
        "lastModified": 1668016843,
        "narHash": "sha256-ioBuF+IAhmJO7s4ewEij1LkMxJvCCNCKXxMto/DU02I=",
        "owner": "NixOS",
        "repo": "nixpkgs",
        "rev": "fa842715565307b7e05cdb187b08c05f16ed08f1",
        "type": "github"
      },
      "original": {
        "id": "nixpkgs",
        "ref": "nixos-22.05",
        "type": "indirect"
      }
    },
    "nur": {
      "locked": {
        "lastModified": 1668124423,
        "narHash": "sha256-InDPT2aAHoJl3c05acQcEiF6MaTkoUHilaMpVSYblPg=",
        "owner": "nix-community",
        "repo": "NUR",
        "rev": "cca8d53616e188662884c400aae27765a2a56be3",
        "type": "github"
      },
      "original": {
        "owner": "nix-community",
        "repo": "NUR",
        "type": "github"
      }
    },
    "ranger-icons": {
      "flake": false,
      "locked": {
        "lastModified": 1653224349,
        "narHash": "sha256-YT7YFiTA2XtIoVzaVjUWMu6j4Nwo4iGzvOtjjWva/80=",
        "owner": "alexanderjeurissen",
        "repo": "ranger_devicons",
        "rev": "49fe4753c89615a32f14b2f4c78bbd02ee76be3c",
        "type": "github"
      },
      "original": {
        "owner": "alexanderjeurissen",
        "repo": "ranger_devicons",
        "type": "github"
      }
    },
    "ranger-sixel": {
      "flake": false,
      "locked": {
        "lastModified": 1668021677,
        "narHash": "sha256-iI+d4kaP7n4gEtVXI5rNB+ikg14FhkTvCAJC6YFUS8Y=",
        "owner": "remi6397",
        "repo": "ranger",
        "rev": "858bc2319be6588f9bb87ad51dc995a8c6caf9dc",
        "type": "github"
      },
      "original": {
        "owner": "remi6397",
        "ref": "feature/sixel",
        "repo": "ranger",
        "type": "github"
      }
    },
    "root": {
      "inputs": {
        "alacritty-sixel": "alacritty-sixel",
        "dhist": "dhist",
        "home-manager": "home-manager",
        "hyprland": "hyprland",
        "material-wifi-icons": "material-wifi-icons",
        "nixpkgs": "nixpkgs_2",
        "nixpkgs-unstable": "nixpkgs-unstable",
        "nur": "nur",
        "ranger-icons": "ranger-icons",
        "ranger-sixel": "ranger-sixel",
        "sea-orm-cli": "sea-orm-cli",
        "wegank": "wegank"
      }
    },
    "rust-analyzer-src": {
      "flake": false,
      "locked": {
        "lastModified": 1659290320,
        "narHash": "sha256-OUezy1BkIoqpkTE5wOtsjJ/Gy48Ql8EL1/t6MZzRkWw=",
        "owner": "rust-lang",
        "repo": "rust-analyzer",
        "rev": "2b472f6684bb1958274995d12b2c50310d88cc52",
        "type": "github"
      },
      "original": {
        "owner": "rust-lang",
        "ref": "nightly",
        "repo": "rust-analyzer",
        "type": "github"
      }
    },
    "sea-orm-cli": {
      "locked": {
        "lastModified": 1659947860,
        "narHash": "sha256-4ITn+Y73w4JQER2G66zhoXqaI2WYWMKmZfyDArODR7I=",
        "owner": "lucperkins",
        "repo": "nixpkgs",
        "rev": "25e9cf3d503b3447b141fb70619e21495869918c",
        "type": "github"
      },
      "original": {
        "owner": "lucperkins",
        "ref": "lperkins/sea-orm-cli",
        "repo": "nixpkgs",
        "type": "github"
      }
    },
    "wegank": {
      "inputs": {
        "nixpkgs": [
          "nixpkgs"
        ]
      },
      "locked": {
        "lastModified": 1668046856,
        "narHash": "sha256-SRBMpAYwR7lUoFK/PrBocaam4k8f/iYBQo61YK0qu0k=",
        "owner": "wegank",
        "repo": "nur-packages",
        "rev": "3f2bae422c1fe64a88fd1908f1c97f685eb4d254",
        "type": "github"
      },
      "original": {
        "owner": "wegank",
        "repo": "nur-packages",
        "type": "github"
      }
    },
    "wlroots": {
      "flake": false,
      "locked": {
        "host": "gitlab.freedesktop.org",
        "lastModified": 1666466001,
        "narHash": "sha256-ZjxAnqtcGmHQHKL1Z9sIraDnzIqrJleWcJXfPtzAm74=",
        "owner": "wlroots",
        "repo": "wlroots",
        "rev": "c2d2773df57750081b16d56da13b5015d752cbd7",
        "type": "gitlab"
      },
      "original": {
        "host": "gitlab.freedesktop.org",
        "owner": "wlroots",
        "repo": "wlroots",
        "type": "gitlab"
      }
    }
  },
  "root": "root",
  "version": 7
}
