{
  "nodes": {
    "agenix": {
      "inputs": {
        "darwin": "darwin",
        "nixpkgs": "nixpkgs"
      },
      "locked": {
        "lastModified": 1675176355,
        "narHash": "sha256-Qjxh5cmN56siY97mzmBLI1+cdjXSPqmfPVsKxBvHmwI=",
        "owner": "ryantm",
        "repo": "agenix",
        "rev": "b7ffcfe77f817d9ee992640ba1f270718d197f28",
        "type": "github"
      },
      "original": {
        "owner": "ryantm",
        "repo": "agenix",
        "type": "github"
      }
    },
    "alacritty-sixel": {
      "flake": false,
      "locked": {
        "lastModified": 1669942690,
        "narHash": "sha256-lAnhvb3b53leowRBRKZzNOmGUCNQCQHlh0IsYHDimz0=",
        "owner": "ayosec",
        "repo": "alacritty",
        "rev": "fc97c07516658f0a10970189d65e2766fb1071c3",
        "type": "github"
      },
      "original": {
        "owner": "ayosec",
        "repo": "alacritty",
        "type": "github"
      }
    },
    "darwin": {
      "inputs": {
        "nixpkgs": [
          "agenix",
          "nixpkgs"
        ]
      },
      "locked": {
        "lastModified": 1673295039,
        "narHash": "sha256-AsdYgE8/GPwcelGgrntlijMg4t3hLFJFCRF3tL5WVjA=",
        "owner": "lnl7",
        "repo": "nix-darwin",
        "rev": "87b9d090ad39b25b2400029c64825fc2a8868943",
        "type": "github"
      },
      "original": {
        "owner": "lnl7",
        "ref": "master",
        "repo": "nix-darwin",
        "type": "github"
      }
    },
    "demoji": {
      "inputs": {
        "nixpkgs": [
          "nixpkgs"
        ]
      },
      "locked": {
        "lastModified": 1674276435,
        "narHash": "sha256-afFuY8qcgZYtRmHa7Ifq7QDcEH3o7dxAS4L62aSeQmM=",
        "owner": "lelgenio",
        "repo": "demoji",
        "rev": "afe472b3e32258a0073975581b4827f11efe55b0",
        "type": "github"
      },
      "original": {
        "owner": "lelgenio",
        "repo": "demoji",
        "type": "github"
      }
    },
    "devenv": {
      "inputs": {
        "flake-compat": "flake-compat",
        "nix": "nix",
        "nixpkgs": [
          "nixpkgs-unstable"
        ],
        "pre-commit-hooks": "pre-commit-hooks"
      },
      "locked": {
        "lastModified": 1671716968,
        "narHash": "sha256-LThNtwAXH/0KVMgyTFBwl93ktuWpWTZhCh6NBlydBbQ=",
        "owner": "cachix",
        "repo": "devenv",
        "rev": "ba6818f4c39fd95aebdb6dc441401f2b60484652",
        "type": "github"
      },
      "original": {
        "owner": "cachix",
        "ref": "v0.5",
        "repo": "devenv",
        "type": "github"
      }
    },
    "dhist": {
      "inputs": {
        "fenix": "fenix",
        "flake-utils": "flake-utils_2",
        "nixpkgs": [
          "nixpkgs"
        ]
      },
      "locked": {
        "lastModified": 1659395338,
        "narHash": "sha256-gIWFyqnkX7gnfOxUaJjZ+fMjlMtE6GfZsfxop8sDYpk=",
        "owner": "lelgenio",
        "repo": "dhist",
        "rev": "11b2d9671adb775f373d4b3ec5f27fdf7ea957c6",
        "type": "github"
      },
      "original": {
        "owner": "lelgenio",
        "repo": "dhist",
        "type": "github"
      }
    },
    "dzgui": {
      "inputs": {
        "dzgui": "dzgui_2",
        "nixpkgs": [
          "nixpkgs"
        ]
      },
      "locked": {
        "lastModified": 1674412112,
        "narHash": "sha256-8Dk2kSONepRfL4hWsBVShsOIwXyS4yh/frjIDrJx4C4=",
        "owner": "lelgenio",
        "repo": "dzgui-nix",
        "rev": "041210735c3c06b428c78ea09ddf2cbb8b41f708",
        "type": "github"
      },
      "original": {
        "owner": "lelgenio",
        "repo": "dzgui-nix",
        "type": "github"
      }
    },
    "dzgui_2": {
      "flake": false,
      "locked": {
        "lastModified": 1674148870,
        "narHash": "sha256-VmW0ohXK+9CAr4yGaA/NSW7+E1vUvZthom8MculmOEs=",
        "owner": "aclist",
        "repo": "dztui",
        "rev": "10c29c0542a07fb81b5922f96b416e3a2e8079cc",
        "type": "github"
      },
      "original": {
        "owner": "aclist",
        "repo": "dztui",
        "type": "github"
      }
    },
    "fenix": {
      "inputs": {
        "nixpkgs": [
          "dhist",
          "nixpkgs"
        ],
        "rust-analyzer-src": "rust-analyzer-src"
      },
      "locked": {
        "lastModified": 1659336065,
        "narHash": "sha256-vjHzA2MRrw6seWzBGUA2dciObvf1Be4lA3SsAI5aufA=",
        "owner": "nix-community",
        "repo": "fenix",
        "rev": "75a63f0868d8362aaa0ae2f9d5e77a65780fdd58",
        "type": "github"
      },
      "original": {
        "owner": "nix-community",
        "repo": "fenix",
        "type": "github"
      }
    },
    "flake-compat": {
      "flake": false,
      "locked": {
        "lastModified": 1668681692,
        "narHash": "sha256-Ht91NGdewz8IQLtWZ9LCeNXMSXHUss+9COoqu6JLmXU=",
        "owner": "edolstra",
        "repo": "flake-compat",
        "rev": "009399224d5e398d03b22badca40a37ac85412a1",
        "type": "github"
      },
      "original": {
        "owner": "edolstra",
        "repo": "flake-compat",
        "type": "github"
      }
    },
    "flake-utils": {
      "locked": {
        "lastModified": 1667395993,
        "narHash": "sha256-nuEHfE/LcWyuSWnS8t12N1wc105Qtau+/OdUAjtQ0rA=",
        "owner": "numtide",
        "repo": "flake-utils",
        "rev": "5aed5285a952e0b949eb3ba02c12fa4fcfef535f",
        "type": "github"
      },
      "original": {
        "owner": "numtide",
        "repo": "flake-utils",
        "type": "github"
      }
    },
    "flake-utils_2": {
      "locked": {
        "lastModified": 1656928814,
        "narHash": "sha256-RIFfgBuKz6Hp89yRr7+NR5tzIAbn52h8vT6vXkYjZoM=",
        "owner": "numtide",
        "repo": "flake-utils",
        "rev": "7e2a3b3dfd9af950a856d66b0a7d01e3c18aa249",
        "type": "github"
      },
      "original": {
        "owner": "numtide",
        "repo": "flake-utils",
        "type": "github"
      }
    },
    "flake-utils_3": {
      "locked": {
        "lastModified": 1667395993,
        "narHash": "sha256-nuEHfE/LcWyuSWnS8t12N1wc105Qtau+/OdUAjtQ0rA=",
        "owner": "numtide",
        "repo": "flake-utils",
        "rev": "5aed5285a952e0b949eb3ba02c12fa4fcfef535f",
        "type": "github"
      },
      "original": {
        "owner": "numtide",
        "repo": "flake-utils",
        "type": "github"
      }
    },
    "gitignore": {
      "inputs": {
        "nixpkgs": [
          "devenv",
          "pre-commit-hooks",
          "nixpkgs"
        ]
      },
      "locked": {
        "lastModified": 1660459072,
        "narHash": "sha256-8DFJjXG8zqoONA1vXtgeKXy68KdJL5UaXR8NtVMUbx8=",
        "owner": "hercules-ci",
        "repo": "gitignore.nix",
        "rev": "a20de23b925fd8264fd7fad6454652e142fd7f73",
        "type": "github"
      },
      "original": {
        "owner": "hercules-ci",
        "repo": "gitignore.nix",
        "type": "github"
      }
    },
    "home-manager": {
      "inputs": {
        "nixpkgs": [
          "nixpkgs"
        ],
        "utils": "utils"
      },
      "locked": {
        "lastModified": 1674440933,
        "narHash": "sha256-CASRcD/rK3fn5vUCti3jzry7zi0GsqRsBohNq9wPgLs=",
        "owner": "nix-community",
        "repo": "home-manager",
        "rev": "65c47ced082e3353113614f77b1bc18822dc731f",
        "type": "github"
      },
      "original": {
        "owner": "nix-community",
        "ref": "release-22.11",
        "repo": "home-manager",
        "type": "github"
      }
    },
    "hyprland": {
      "inputs": {
        "hyprland-protocols": "hyprland-protocols",
        "nixpkgs": [
          "nixpkgs-unstable"
        ],
        "wlroots": "wlroots",
        "xdph": "xdph"
      },
      "locked": {
        "lastModified": 1675689419,
        "narHash": "sha256-UyCVZVhkZiisMPjfDTAzQIe0YpIkN1Gic97bie3Kf0A=",
        "owner": "hyprwm",
        "repo": "Hyprland",
        "rev": "863812a0979646fbc1a51b6593fa25fbad77a7be",
        "type": "github"
      },
      "original": {
        "owner": "hyprwm",
        "repo": "Hyprland",
        "type": "github"
      }
    },
    "hyprland-protocols": {
      "inputs": {
        "nixpkgs": [
          "hyprland",
          "nixpkgs"
        ]
      },
      "locked": {
        "lastModified": 1671839510,
        "narHash": "sha256-+PY1qqJfmZzzROgcIY4I7AkCwpnC+qBIYk2eFoA9RWc=",
        "owner": "hyprwm",
        "repo": "hyprland-protocols",
        "rev": "b8f55e02a328c47ed373133c52483bbfa20a1b75",
        "type": "github"
      },
      "original": {
        "owner": "hyprwm",
        "repo": "hyprland-protocols",
        "type": "github"
      }
    },
    "lowdown-src": {
      "flake": false,
      "locked": {
        "lastModified": 1633514407,
        "narHash": "sha256-Dw32tiMjdK9t3ETl5fzGrutQTzh2rufgZV4A/BbxuD4=",
        "owner": "kristapsdz",
        "repo": "lowdown",
        "rev": "d2c2b44ff6c27b936ec27358a2653caaef8f73b8",
        "type": "github"
      },
      "original": {
        "owner": "kristapsdz",
        "repo": "lowdown",
        "type": "github"
      }
    },
    "material-wifi-icons": {
      "flake": false,
      "locked": {
        "lastModified": 1537083724,
        "narHash": "sha256-neh+keoYyKum2K1lutE4HKVscA+TeWccikB85osbX/8=",
        "owner": "dcousens",
        "repo": "material-wifi-icons",
        "rev": "d56927c95ca17aa3e0dda15b23840ba3ad3f44cb",
        "type": "github"
      },
      "original": {
        "owner": "dcousens",
        "repo": "material-wifi-icons",
        "type": "github"
      }
    },
    "nil-lsp": {
      "inputs": {
        "flake-utils": "flake-utils_3",
        "nixpkgs": [
          "nixpkgs-unstable"
        ],
        "rust-overlay": "rust-overlay"
      },
      "locked": {
        "lastModified": 1675471872,
        "narHash": "sha256-HBW6qBF/niMbdFxTuucSnDda9H/RSbbOs48fcXXImx0=",
        "owner": "oxalica",
        "repo": "nil",
        "rev": "1a15174958729ca578db517e735479ed5fb963db",
        "type": "github"
      },
      "original": {
        "owner": "oxalica",
        "repo": "nil",
        "type": "github"
      }
    },
    "nix": {
      "inputs": {
        "lowdown-src": "lowdown-src",
        "nixpkgs": [
          "devenv",
          "nixpkgs"
        ],
        "nixpkgs-regression": "nixpkgs-regression"
      },
      "locked": {
        "lastModified": 1671638174,
        "narHash": "sha256-FeEmVix8l/HglWtRgeHOfjqEm2etvp+MLYd1C/raq3Y=",
        "owner": "domenkozar",
        "repo": "nix",
        "rev": "51b770e985f9e1b84fb5e03a983ef1e19f18c3e9",
        "type": "github"
      },
      "original": {
        "owner": "domenkozar",
        "ref": "relaxed-flakes",
        "repo": "nix",
        "type": "github"
      }
    },
    "nix-index-database": {
      "inputs": {
        "nixpkgs": [
          "nixpkgs"
        ]
      },
      "locked": {
        "lastModified": 1675567746,
        "narHash": "sha256-huugg+7ok2VjmoLhkT+mAcw6iVK+hOqrYV0jMMD4EpQ=",
        "owner": "Mic92",
        "repo": "nix-index-database",
        "rev": "3880fa89727c622ae4674a2b6169c81112b43cf4",
        "type": "github"
      },
      "original": {
        "owner": "Mic92",
        "repo": "nix-index-database",
        "type": "github"
      }
    },
    "nixpkgs": {
      "locked": {
        "lastModified": 1674641431,
        "narHash": "sha256-qfo19qVZBP4qn5M5gXc/h1MDgAtPA5VxJm9s8RUAkVk=",
        "owner": "NixOS",
        "repo": "nixpkgs",
        "rev": "9b97ad7b4330aacda9b2343396eb3df8a853b4fc",
        "type": "github"
      },
      "original": {
        "owner": "NixOS",
        "ref": "nixos-unstable",
        "repo": "nixpkgs",
        "type": "github"
      }
    },
    "nixpkgs-regression": {
      "locked": {
        "lastModified": 1643052045,
        "narHash": "sha256-uGJ0VXIhWKGXxkeNnq4TvV3CIOkUJ3PAoLZ3HMzNVMw=",
        "owner": "NixOS",
        "repo": "nixpkgs",
        "rev": "215d4d0fd80ca5163643b03a33fde804a29cc1e2",
        "type": "github"
      },
      "original": {
        "owner": "NixOS",
        "repo": "nixpkgs",
        "rev": "215d4d0fd80ca5163643b03a33fde804a29cc1e2",
        "type": "github"
      }
    },
    "nixpkgs-stable": {
      "locked": {
        "lastModified": 1671271954,
        "narHash": "sha256-cSvu+bnvN08sOlTBWbBrKaBHQZq8mvk8bgpt0ZJ2Snc=",
        "owner": "NixOS",
        "repo": "nixpkgs",
        "rev": "d513b448cc2a6da2c8803e3c197c9fc7e67b19e3",
        "type": "github"
      },
      "original": {
        "owner": "NixOS",
        "ref": "nixos-22.05",
        "repo": "nixpkgs",
        "type": "github"
      }
    },
    "nixpkgs-unstable": {
      "locked": {
        "lastModified": 1675673983,
        "narHash": "sha256-8hzNh1jtiPxL5r3ICNzSmpSzV7kGb3KwX+FS5BWJUTo=",
        "owner": "NixOS",
        "repo": "nixpkgs",
        "rev": "5a350a8f31bb7ef0c6e79aea3795a890cf7743d4",
        "type": "github"
      },
      "original": {
        "id": "nixpkgs",
        "ref": "nixos-unstable",
        "type": "indirect"
      }
    },
    "nixpkgs_2": {
      "locked": {
        "lastModified": 1675681488,
        "narHash": "sha256-0E/oYpixC+joFk7UrY60TwZcdthzP2BXmJwne3Ni8ZI=",
        "owner": "NixOS",
        "repo": "nixpkgs",
        "rev": "13fdd3945d8a2da5e4afe35d8a629193a9680911",
        "type": "github"
      },
      "original": {
        "id": "nixpkgs",
        "ref": "nixos-22.11",
        "type": "indirect"
      }
    },
    "nur": {
      "locked": {
        "lastModified": 1675806285,
        "narHash": "sha256-s2UNSRVUSu3srjIUuWlFEznu9Gpeh9CFPeYJQgXxS94=",
        "owner": "nix-community",
        "repo": "NUR",
        "rev": "ee91675b2b155b274137fe6d2d3a6e29a63a862f",
        "type": "github"
      },
      "original": {
        "owner": "nix-community",
        "repo": "NUR",
        "type": "github"
      }
    },
    "plymouth-themes": {
      "flake": false,
      "locked": {
        "lastModified": 1626085315,
        "narHash": "sha256-VNGvA8ujwjpC2rTVZKrXni2GjfiZk7AgAn4ZB4Baj2k=",
        "owner": "adi1090x",
        "repo": "plymouth-themes",
        "rev": "bf2f570bee8e84c5c20caac353cbe1d811a4745f",
        "type": "github"
      },
      "original": {
        "owner": "adi1090x",
        "repo": "plymouth-themes",
        "type": "github"
      }
    },
    "pre-commit-hooks": {
      "inputs": {
        "flake-compat": [
          "devenv",
          "flake-compat"
        ],
        "flake-utils": "flake-utils",
        "gitignore": "gitignore",
        "nixpkgs": [
          "devenv",
          "nixpkgs"
        ],
        "nixpkgs-stable": "nixpkgs-stable"
      },
      "locked": {
        "lastModified": 1671452357,
        "narHash": "sha256-HqzXiQEegpRQ4VEl9pEPgHSIxhJrNJ27HfN1wOc7w2E=",
        "owner": "cachix",
        "repo": "pre-commit-hooks.nix",
        "rev": "200790e9c77064c53eaf95805b013d96615ecc27",
        "type": "github"
      },
      "original": {
        "owner": "cachix",
        "repo": "pre-commit-hooks.nix",
        "type": "github"
      }
    },
    "ranger-icons": {
      "flake": false,
      "locked": {
        "lastModified": 1673142324,
        "narHash": "sha256-97u8yNyfN9vbv4JAvqgFekno3dUyYu265TvpU3ZZqg4=",
        "owner": "alexanderjeurissen",
        "repo": "ranger_devicons",
        "rev": "5bb1c32f649055c2d9143c8371c2bf06d5e574f7",
        "type": "github"
      },
      "original": {
        "owner": "alexanderjeurissen",
        "repo": "ranger_devicons",
        "type": "github"
      }
    },
    "ranger-sixel": {
      "flake": false,
      "locked": {
        "lastModified": 1675681884,
        "narHash": "sha256-VisK4ca2FTUjVXgzT+ATKnKtSu/cfokFoEI5wHbYIa8=",
        "owner": "remi6397",
        "repo": "ranger",
        "rev": "e2851f9ded311df87a3f4d6d56f74447e2d10a6a",
        "type": "github"
      },
      "original": {
        "owner": "remi6397",
        "ref": "feature/sixel",
        "repo": "ranger",
        "type": "github"
      }
    },
    "root": {
      "inputs": {
        "agenix": "agenix",
        "alacritty-sixel": "alacritty-sixel",
        "demoji": "demoji",
        "devenv": "devenv",
        "dhist": "dhist",
        "dzgui": "dzgui",
        "home-manager": "home-manager",
        "hyprland": "hyprland",
        "material-wifi-icons": "material-wifi-icons",
        "nil-lsp": "nil-lsp",
        "nix-index-database": "nix-index-database",
        "nixpkgs": "nixpkgs_2",
        "nixpkgs-unstable": "nixpkgs-unstable",
        "nur": "nur",
        "plymouth-themes": "plymouth-themes",
        "ranger-icons": "ranger-icons",
        "ranger-sixel": "ranger-sixel",
        "sea-orm-cli": "sea-orm-cli",
        "wegank": "wegank"
      }
    },
    "rust-analyzer-src": {
      "flake": false,
      "locked": {
        "lastModified": 1659290320,
        "narHash": "sha256-OUezy1BkIoqpkTE5wOtsjJ/Gy48Ql8EL1/t6MZzRkWw=",
        "owner": "rust-lang",
        "repo": "rust-analyzer",
        "rev": "2b472f6684bb1958274995d12b2c50310d88cc52",
        "type": "github"
      },
      "original": {
        "owner": "rust-lang",
        "ref": "nightly",
        "repo": "rust-analyzer",
        "type": "github"
      }
    },
    "rust-overlay": {
      "inputs": {
        "flake-utils": [
          "nil-lsp",
          "flake-utils"
        ],
        "nixpkgs": [
          "nil-lsp",
          "nixpkgs"
        ]
      },
      "locked": {
        "lastModified": 1675391458,
        "narHash": "sha256-ukDKZw922BnK5ohL9LhwtaDAdCsJL7L6ScNEyF1lO9w=",
        "owner": "oxalica",
        "repo": "rust-overlay",
        "rev": "383a4acfd11d778d5c2efcf28376cbd845eeaedf",
        "type": "github"
      },
      "original": {
        "owner": "oxalica",
        "repo": "rust-overlay",
        "type": "github"
      }
    },
    "sea-orm-cli": {
      "locked": {
        "lastModified": 1659947860,
        "narHash": "sha256-4ITn+Y73w4JQER2G66zhoXqaI2WYWMKmZfyDArODR7I=",
        "owner": "lucperkins",
        "repo": "nixpkgs",
        "rev": "25e9cf3d503b3447b141fb70619e21495869918c",
        "type": "github"
      },
      "original": {
        "owner": "lucperkins",
        "ref": "lperkins/sea-orm-cli",
        "repo": "nixpkgs",
        "type": "github"
      }
    },
    "utils": {
      "locked": {
        "lastModified": 1667395993,
        "narHash": "sha256-nuEHfE/LcWyuSWnS8t12N1wc105Qtau+/OdUAjtQ0rA=",
        "owner": "numtide",
        "repo": "flake-utils",
        "rev": "5aed5285a952e0b949eb3ba02c12fa4fcfef535f",
        "type": "github"
      },
      "original": {
        "owner": "numtide",
        "repo": "flake-utils",
        "type": "github"
      }
    },
    "wegank": {
      "inputs": {
        "nixpkgs": [
          "nixpkgs"
        ]
      },
      "locked": {
        "lastModified": 1675189325,
        "narHash": "sha256-Xa0e3gc2q6yXKGcJEu19NFWkLiFESKi3Mg4xgenDprc=",
        "owner": "wegank",
        "repo": "nur-packages",
        "rev": "f2336f1b0d1a6cc8d6157e8d6a16c841691cd6b3",
        "type": "github"
      },
      "original": {
        "owner": "wegank",
        "repo": "nur-packages",
        "type": "github"
      }
    },
    "wlroots": {
      "flake": false,
      "locked": {
        "host": "gitlab.freedesktop.org",
        "lastModified": 1675374853,
        "narHash": "sha256-BSrjNcddYWhFUMtjGwxiEXw67MYRaIHGvLn19Mvm1NE=",
        "owner": "wlroots",
        "repo": "wlroots",
        "rev": "677a3f2f8847ed2de49dd60868f9d9487a546f58",
        "type": "gitlab"
      },
      "original": {
        "host": "gitlab.freedesktop.org",
        "owner": "wlroots",
        "repo": "wlroots",
        "type": "gitlab"
      }
    },
    "xdph": {
      "inputs": {
        "hyprland-protocols": [
          "hyprland",
          "hyprland-protocols"
        ],
        "nixpkgs": [
          "hyprland",
          "nixpkgs"
        ]
      },
      "locked": {
        "lastModified": 1673116118,
        "narHash": "sha256-eR0yDSkR2XYMesfdRWJs25kAdXET2mbNNHu5t+KUcKA=",
        "owner": "hyprwm",
        "repo": "xdg-desktop-portal-hyprland",
        "rev": "d479c846531fd0e1d2357c9588b8310a2b859ef2",
        "type": "github"
      },
      "original": {
        "owner": "hyprwm",
        "repo": "xdg-desktop-portal-hyprland",
        "type": "github"
      }
    }
  },
  "root": "root",
  "version": 7
}
