{
  "nodes": {
    "alacritty-sixel": {
      "flake": false,
      "locked": {
        "lastModified": 1669942690,
        "narHash": "sha256-lAnhvb3b53leowRBRKZzNOmGUCNQCQHlh0IsYHDimz0=",
        "owner": "ayosec",
        "repo": "alacritty",
        "rev": "fc97c07516658f0a10970189d65e2766fb1071c3",
        "type": "github"
      },
      "original": {
        "owner": "ayosec",
        "repo": "alacritty",
        "type": "github"
      }
    },
    "dhist": {
      "inputs": {
        "fenix": "fenix",
        "flake-utils": "flake-utils",
        "nixpkgs": "nixpkgs"
      },
      "locked": {
        "lastModified": 1659395338,
        "narHash": "sha256-gIWFyqnkX7gnfOxUaJjZ+fMjlMtE6GfZsfxop8sDYpk=",
        "owner": "lelgenio",
        "repo": "dhist",
        "rev": "11b2d9671adb775f373d4b3ec5f27fdf7ea957c6",
        "type": "github"
      },
      "original": {
        "owner": "lelgenio",
        "repo": "dhist",
        "type": "github"
      }
    },
    "fenix": {
      "inputs": {
        "nixpkgs": [
          "dhist",
          "nixpkgs"
        ],
        "rust-analyzer-src": "rust-analyzer-src"
      },
      "locked": {
        "lastModified": 1659336065,
        "narHash": "sha256-vjHzA2MRrw6seWzBGUA2dciObvf1Be4lA3SsAI5aufA=",
        "owner": "nix-community",
        "repo": "fenix",
        "rev": "75a63f0868d8362aaa0ae2f9d5e77a65780fdd58",
        "type": "github"
      },
      "original": {
        "owner": "nix-community",
        "repo": "fenix",
        "type": "github"
      }
    },
    "flake-utils": {
      "locked": {
        "lastModified": 1656928814,
        "narHash": "sha256-RIFfgBuKz6Hp89yRr7+NR5tzIAbn52h8vT6vXkYjZoM=",
        "owner": "numtide",
        "repo": "flake-utils",
        "rev": "7e2a3b3dfd9af950a856d66b0a7d01e3c18aa249",
        "type": "github"
      },
      "original": {
        "owner": "numtide",
        "repo": "flake-utils",
        "type": "github"
      }
    },
    "flake-utils_2": {
      "locked": {
        "lastModified": 1667395993,
        "narHash": "sha256-nuEHfE/LcWyuSWnS8t12N1wc105Qtau+/OdUAjtQ0rA=",
        "owner": "numtide",
        "repo": "flake-utils",
        "rev": "5aed5285a952e0b949eb3ba02c12fa4fcfef535f",
        "type": "github"
      },
      "original": {
        "owner": "numtide",
        "repo": "flake-utils",
        "type": "github"
      }
    },
    "home-manager": {
      "inputs": {
        "nixpkgs": [
          "nixpkgs"
        ],
        "utils": "utils"
      },
      "locked": {
        "lastModified": 1669724862,
        "narHash": "sha256-GwLonjmyhnTGQRNfKcUCgMSKYj49ZehjjJulaM/yH18=",
        "owner": "nix-community",
        "repo": "home-manager",
        "rev": "e891b060e7d11bb8f7dedb86a41d804891a6f5a9",
        "type": "github"
      },
      "original": {
        "owner": "nix-community",
        "ref": "release-22.11",
        "repo": "home-manager",
        "type": "github"
      }
    },
    "hyprland": {
      "inputs": {
        "nixpkgs": [
          "nixpkgs-unstable"
        ],
        "wlroots": "wlroots"
      },
      "locked": {
        "lastModified": 1669928517,
        "narHash": "sha256-15Z0bup25My/e6QdGNoT8yWWqu9CJJAIgH7dkqczUcY=",
        "owner": "hyprwm",
        "repo": "Hyprland",
        "rev": "bf52545a9136bff63fdc2c2856f358197fb2c2c5",
        "type": "github"
      },
      "original": {
        "owner": "hyprwm",
        "repo": "Hyprland",
        "type": "github"
      }
    },
    "material-wifi-icons": {
      "flake": false,
      "locked": {
        "lastModified": 1537083724,
        "narHash": "sha256-neh+keoYyKum2K1lutE4HKVscA+TeWccikB85osbX/8=",
        "owner": "dcousens",
        "repo": "material-wifi-icons",
        "rev": "d56927c95ca17aa3e0dda15b23840ba3ad3f44cb",
        "type": "github"
      },
      "original": {
        "owner": "dcousens",
        "repo": "material-wifi-icons",
        "type": "github"
      }
    },
    "nil-lsp": {
      "inputs": {
        "flake-utils": "flake-utils_2",
        "nixpkgs": [
          "nixpkgs-unstable"
        ],
        "rust-overlay": "rust-overlay"
      },
      "locked": {
        "lastModified": 1669929738,
        "narHash": "sha256-/j33Qvg9ciN8qfrjuEjs1fB61Av0/3HuQxXdLkoAn8E=",
        "owner": "oxalica",
        "repo": "nil",
        "rev": "ef9bdb801e73ffe95bf7dee69f6c78fcaae34c71",
        "type": "github"
      },
      "original": {
        "owner": "oxalica",
        "repo": "nil",
        "type": "github"
      }
    },
    "nixpkgs": {
      "locked": {
        "lastModified": 1659219666,
        "narHash": "sha256-pzYr5fokQPHv7CmUXioOhhzDy/XyWOIXP4LZvv/T7Mk=",
        "owner": "NixOS",
        "repo": "nixpkgs",
        "rev": "7b9be38c7250b22d829ab6effdee90d5e40c6e5c",
        "type": "github"
      },
      "original": {
        "id": "nixpkgs",
        "ref": "nixos-unstable",
        "type": "indirect"
      }
    },
    "nixpkgs-unstable": {
      "locked": {
        "lastModified": 1669791787,
        "narHash": "sha256-KBfoA2fOI5+wCrm7PR+j7jHqXeTkVRPQ0m5fcKchyuU=",
        "owner": "NixOS",
        "repo": "nixpkgs",
        "rev": "e76c78d20685a043d23f5f9e0ccd2203997f1fb1",
        "type": "github"
      },
      "original": {
        "id": "nixpkgs",
        "ref": "nixos-unstable",
        "type": "indirect"
      }
    },
    "nixpkgs_2": {
      "locked": {
        "lastModified": 1669834992,
        "narHash": "sha256-YnhZGHgb4C3Q7DSGisO/stc50jFb9F/MzHeKS4giotg=",
        "owner": "NixOS",
        "repo": "nixpkgs",
        "rev": "596a8e828c5dfa504f91918d0fa4152db3ab5502",
        "type": "github"
      },
      "original": {
        "id": "nixpkgs",
        "ref": "nixos-22.11",
        "type": "indirect"
      }
    },
    "nur": {
      "locked": {
        "lastModified": 1669805596,
        "narHash": "sha256-g1CPQZ+1jGhY4bsjppk+gH5jfzzqmPlqGHg0zSYS3Hw=",
        "owner": "nix-community",
        "repo": "NUR",
        "rev": "c81b1e527f3a220abfa9bf8096153d52784c5007",
        "type": "github"
      },
      "original": {
        "owner": "nix-community",
        "repo": "NUR",
        "type": "github"
      }
    },
    "ranger-icons": {
      "flake": false,
      "locked": {
        "lastModified": 1653224349,
        "narHash": "sha256-YT7YFiTA2XtIoVzaVjUWMu6j4Nwo4iGzvOtjjWva/80=",
        "owner": "alexanderjeurissen",
        "repo": "ranger_devicons",
        "rev": "49fe4753c89615a32f14b2f4c78bbd02ee76be3c",
        "type": "github"
      },
      "original": {
        "owner": "alexanderjeurissen",
        "repo": "ranger_devicons",
        "type": "github"
      }
    },
    "ranger-sixel": {
      "flake": false,
      "locked": {
        "lastModified": 1668021677,
        "narHash": "sha256-iI+d4kaP7n4gEtVXI5rNB+ikg14FhkTvCAJC6YFUS8Y=",
        "owner": "remi6397",
        "repo": "ranger",
        "rev": "858bc2319be6588f9bb87ad51dc995a8c6caf9dc",
        "type": "github"
      },
      "original": {
        "owner": "remi6397",
        "ref": "feature/sixel",
        "repo": "ranger",
        "type": "github"
      }
    },
    "root": {
      "inputs": {
        "alacritty-sixel": "alacritty-sixel",
        "dhist": "dhist",
        "home-manager": "home-manager",
        "hyprland": "hyprland",
        "material-wifi-icons": "material-wifi-icons",
        "nil-lsp": "nil-lsp",
        "nixpkgs": "nixpkgs_2",
        "nixpkgs-unstable": "nixpkgs-unstable",
        "nur": "nur",
        "ranger-icons": "ranger-icons",
        "ranger-sixel": "ranger-sixel",
        "sea-orm-cli": "sea-orm-cli",
        "wegank": "wegank"
      }
    },
    "rust-analyzer-src": {
      "flake": false,
      "locked": {
        "lastModified": 1659290320,
        "narHash": "sha256-OUezy1BkIoqpkTE5wOtsjJ/Gy48Ql8EL1/t6MZzRkWw=",
        "owner": "rust-lang",
        "repo": "rust-analyzer",
        "rev": "2b472f6684bb1958274995d12b2c50310d88cc52",
        "type": "github"
      },
      "original": {
        "owner": "rust-lang",
        "ref": "nightly",
        "repo": "rust-analyzer",
        "type": "github"
      }
    },
    "rust-overlay": {
      "inputs": {
        "flake-utils": [
          "nil-lsp",
          "flake-utils"
        ],
        "nixpkgs": [
          "nil-lsp",
          "nixpkgs"
        ]
      },
      "locked": {
        "lastModified": 1669775522,
        "narHash": "sha256-6xxGArBqssX38DdHpDoPcPvB/e79uXyQBwpBcaO/BwY=",
        "owner": "oxalica",
        "repo": "rust-overlay",
        "rev": "3158e47f6b85a288d12948aeb9a048e0ed4434d6",
        "type": "github"
      },
      "original": {
        "owner": "oxalica",
        "repo": "rust-overlay",
        "type": "github"
      }
    },
    "sea-orm-cli": {
      "locked": {
        "lastModified": 1659947860,
        "narHash": "sha256-4ITn+Y73w4JQER2G66zhoXqaI2WYWMKmZfyDArODR7I=",
        "owner": "lucperkins",
        "repo": "nixpkgs",
        "rev": "25e9cf3d503b3447b141fb70619e21495869918c",
        "type": "github"
      },
      "original": {
        "owner": "lucperkins",
        "ref": "lperkins/sea-orm-cli",
        "repo": "nixpkgs",
        "type": "github"
      }
    },
    "utils": {
      "locked": {
        "lastModified": 1667395993,
        "narHash": "sha256-nuEHfE/LcWyuSWnS8t12N1wc105Qtau+/OdUAjtQ0rA=",
        "owner": "numtide",
        "repo": "flake-utils",
        "rev": "5aed5285a952e0b949eb3ba02c12fa4fcfef535f",
        "type": "github"
      },
      "original": {
        "owner": "numtide",
        "repo": "flake-utils",
        "type": "github"
      }
    },
    "wegank": {
      "inputs": {
        "nixpkgs": [
          "nixpkgs"
        ]
      },
      "locked": {
        "lastModified": 1669567481,
        "narHash": "sha256-vB3ZDncmy1u2MHaHdFHisg6x8igmzfeLsKCyxcQnUB4=",
        "owner": "wegank",
        "repo": "nur-packages",
        "rev": "7d25f2e0f982030dec11d2a9841757fdf5e6cb1b",
        "type": "github"
      },
      "original": {
        "owner": "wegank",
        "repo": "nur-packages",
        "type": "github"
      }
    },
    "wlroots": {
      "flake": false,
      "locked": {
        "host": "gitlab.freedesktop.org",
        "lastModified": 1669925104,
        "narHash": "sha256-xMHfW+/G9MieN/5tXHUA5/ztE8dkE093cNFTEUgcwxI=",
        "owner": "wlroots",
        "repo": "wlroots",
        "rev": "c8eb24d30e18c165728b8788a10716611c3b633d",
        "type": "gitlab"
      },
      "original": {
        "host": "gitlab.freedesktop.org",
        "owner": "wlroots",
        "repo": "wlroots",
        "type": "gitlab"
      }
    }
  },
  "root": "root",
  "version": 7
}
